
Microsoft Visual Studio Solution File, Format Version 12.00
# Visual Studio 15
VisualStudioVersion = 15.0.27004.2005
MinimumVisualStudioVersion = 10.0.40219.1
Project("{FAE04EC0-301F-11D3-BF4B-00C04F79EFBC}") = "Testos", "Testos\Testos.csproj", "{4BF41A80-D66A-4C26-AF42-956FB8E3C824}"
EndProject
Project("{FAE04EC0-301F-11D3-BF4B-00C04F79EFBC}") = "Logic", "Logic\Logic.csproj", "{28A74A26-6C05-42BC-8F4B-10DF8133F9DA}"
EndProject
Global
	GlobalSection(SolutionConfigurationPlatforms) = preSolution
		Debug|Any CPU = Debug|Any CPU
		Release|Any CPU = Release|Any CPU
	EndGlobalSection
	GlobalSection(ProjectConfigurationPlatforms) = postSolution
		{4BF41A80-D66A-4C26-AF42-956FB8E3C824}.Debug|Any CPU.ActiveCfg = Debug|Any CPU
		{4BF41A80-D66A-4C26-AF42-956FB8E3C824}.Debug|Any CPU.Build.0 = Debug|Any CPU
		{4BF41A80-D66A-4C26-AF42-956FB8E3C824}.Release|Any CPU.ActiveCfg = Release|Any CPU
		{4BF41A80-D66A-4C26-AF42-956FB8E3C824}.Release|Any CPU.Build.0 = Release|Any CPU
		{28A74A26-6C05-42BC-8F4B-10DF8133F9DA}.Debug|Any CPU.ActiveCfg = Debug|Any CPU
		{28A74A26-6C05-42BC-8F4B-10DF8133F9DA}.Debug|Any CPU.Build.0 = Debug|Any CPU
		{28A74A26-6C05-42BC-8F4B-10DF8133F9DA}.Release|Any CPU.ActiveCfg = Release|Any CPU
		{28A74A26-6C05-42BC-8F4B-10DF8133F9DA}.Release|Any CPU.Build.0 = Release|Any CPU
	EndGlobalSection
	GlobalSection(SolutionProperties) = preSolution
		HideSolutionNode = FALSE
	EndGlobalSection
	GlobalSection(ExtensibilityGlobals) = postSolution
		SolutionGuid = {14801F66-6D18-447A-9C36-984FE1A00739}
	EndGlobalSection
EndGlobal
